
Microsoft Visual Studio Solution File, Format Version 12.00
# Visual Studio Version 16
VisualStudioVersion = 16.0.30517.126
MinimumVisualStudioVersion = 10.0.40219.1
Project("{FAE04EC0-301F-11D3-BF4B-00C04F79EFBC}") = "VerifyHashedPassword", "VerifyHashedPassword\VerifyHashedPassword.csproj", "{C6225038-642A-416E-BFF6-345C4F70AC45}"
EndProject
Global
	GlobalSection(SolutionConfigurationPlatforms) = preSolution
		Debug|Any CPU = Debug|Any CPU
		Release|Any CPU = Release|Any CPU
	EndGlobalSection
	GlobalSection(ProjectConfigurationPlatforms) = postSolution
		{C6225038-642A-416E-BFF6-345C4F70AC45}.Debug|Any CPU.ActiveCfg = Debug|Any CPU
		{C6225038-642A-416E-BFF6-345C4F70AC45}.Debug|Any CPU.Build.0 = Debug|Any CPU
		{C6225038-642A-416E-BFF6-345C4F70AC45}.Release|Any CPU.ActiveCfg = Release|Any CPU
		{C6225038-642A-416E-BFF6-345C4F70AC45}.Release|Any CPU.Build.0 = Release|Any CPU
	EndGlobalSection
	GlobalSection(SolutionProperties) = preSolution
		HideSolutionNode = FALSE
	EndGlobalSection
	GlobalSection(ExtensibilityGlobals) = postSolution
		SolutionGuid = {2599935B-5868-4D3C-B21E-4464C60583AD}
	EndGlobalSection
EndGlobal
